
Microsoft Visual Studio Solution File, Format Version 12.00
# Visual Studio Version 17
VisualStudioVersion = 17.8.34330.188
MinimumVisualStudioVersion = 10.0.40219.1
Project("{FAE04EC0-301F-11D3-BF4B-00C04F79EFBC}") = "QLyProject", "QLyProject\QLyProject.csproj", "{93AB0B9C-D112-4CCC-84DD-2DE77BDE197D}"
EndProject
Project("{E53339B2-1760-4266-BCC7-CA923CBCF16C}") = "docker-compose", "docker-compose.dcproj", "{89D84116-0745-4EC3-BCC6-0CB045171572}"
EndProject
Global
	GlobalSection(SolutionConfigurationPlatforms) = preSolution
		Debug|Any CPU = Debug|Any CPU
		Release|Any CPU = Release|Any CPU
	EndGlobalSection
	GlobalSection(ProjectConfigurationPlatforms) = postSolution
		{93AB0B9C-D112-4CCC-84DD-2DE77BDE197D}.Debug|Any CPU.ActiveCfg = Debug|Any CPU
		{93AB0B9C-D112-4CCC-84DD-2DE77BDE197D}.Debug|Any CPU.Build.0 = Debug|Any CPU
		{93AB0B9C-D112-4CCC-84DD-2DE77BDE197D}.Release|Any CPU.ActiveCfg = Release|Any CPU
		{93AB0B9C-D112-4CCC-84DD-2DE77BDE197D}.Release|Any CPU.Build.0 = Release|Any CPU
		{89D84116-0745-4EC3-BCC6-0CB045171572}.Debug|Any CPU.ActiveCfg = Debug|Any CPU
		{89D84116-0745-4EC3-BCC6-0CB045171572}.Debug|Any CPU.Build.0 = Debug|Any CPU
		{89D84116-0745-4EC3-BCC6-0CB045171572}.Release|Any CPU.ActiveCfg = Release|Any CPU
		{89D84116-0745-4EC3-BCC6-0CB045171572}.Release|Any CPU.Build.0 = Release|Any CPU
	EndGlobalSection
	GlobalSection(SolutionProperties) = preSolution
		HideSolutionNode = FALSE
	EndGlobalSection
	GlobalSection(ExtensibilityGlobals) = postSolution
		SolutionGuid = {3246A993-BC55-420B-9D86-96857F2922E3}
	EndGlobalSection
EndGlobal
